// !$*UTF8*$!
{
	archiveVersion = 1;
	classes = {
	};
	objectVersion = 48;
	objects = {

/* Begin PBXBuildFile section */
		443BB6FB20804CF6003BAB26 /* UILabel+AutoResize.m in Sources */ = {isa = PBXBuildFile; fileRef = 443BB6CD20804CF4003BAB26 /* UILabel+AutoResize.m */; };
		443BB6FC20804CF6003BAB26 /* UITableView+CellAnimation.m in Sources */ = {isa = PBXBuildFile; fileRef = 443BB6D020804CF5003BAB26 /* UITableView+CellAnimation.m */; };
		443BB6FD20804CF6003BAB26 /* NSObject+Category.m in Sources */ = {isa = PBXBuildFile; fileRef = 443BB6D320804CF5003BAB26 /* NSObject+Category.m */; };
		443BB6FE20804CF6003BAB26 /* NSObject+ModelWithDictionary.m in Sources */ = {isa = PBXBuildFile; fileRef = 443BB6D520804CF5003BAB26 /* NSObject+ModelWithDictionary.m */; };
		443BB6FF20804CF6003BAB26 /* NSObject+PerformBlock.m in Sources */ = {isa = PBXBuildFile; fileRef = 443BB6D720804CF5003BAB26 /* NSObject+PerformBlock.m */; };
		443BB70020804CF6003BAB26 /* NSObject+Swizzle.m in Sources */ = {isa = PBXBuildFile; fileRef = 443BB6D920804CF5003BAB26 /* NSObject+Swizzle.m */; };
		443BB70120804CF6003BAB26 /* UIButton+Category.m in Sources */ = {isa = PBXBuildFile; fileRef = 443BB6DC20804CF5003BAB26 /* UIButton+Category.m */; };
		443BB70220804CF6003BAB26 /* UIColor+Category.m in Sources */ = {isa = PBXBuildFile; fileRef = 443BB6DF20804CF5003BAB26 /* UIColor+Category.m */; };
		443BB70320804CF6003BAB26 /* NSData+Encryption.m in Sources */ = {isa = PBXBuildFile; fileRef = 443BB6E220804CF5003BAB26 /* NSData+Encryption.m */; };
		443BB70420804CF6003BAB26 /* NSDictionary+CoveringMethod.m in Sources */ = {isa = PBXBuildFile; fileRef = 443BB6E520804CF5003BAB26 /* NSDictionary+CoveringMethod.m */; };
		443BB70520804CF6003BAB26 /* NSMutableDictionary+CoveringMethod.m in Sources */ = {isa = PBXBuildFile; fileRef = 443BB6E720804CF5003BAB26 /* NSMutableDictionary+CoveringMethod.m */; };
		443BB70620804CF6003BAB26 /* UIImage+Category.m in Sources */ = {isa = PBXBuildFile; fileRef = 443BB6EA20804CF5003BAB26 /* UIImage+Category.m */; };
		443BB70720804CF6003BAB26 /* NSString+Category.m in Sources */ = {isa = PBXBuildFile; fileRef = 443BB6ED20804CF5003BAB26 /* NSString+Category.m */; };
		443BB70820804CF6003BAB26 /* NSString+Predicate.m in Sources */ = {isa = PBXBuildFile; fileRef = 443BB6EF20804CF5003BAB26 /* NSString+Predicate.m */; };
		443BB70920804CF6003BAB26 /* NSString+TimeStamp.m in Sources */ = {isa = PBXBuildFile; fileRef = 443BB6F120804CF5003BAB26 /* NSString+TimeStamp.m */; };
		443BB70A20804CF6003BAB26 /* UITabBar+CustomBadge.m in Sources */ = {isa = PBXBuildFile; fileRef = 443BB6F420804CF5003BAB26 /* UITabBar+CustomBadge.m */; };
		443BB70B20804CF6003BAB26 /* NSArray+CoveringMethod.m in Sources */ = {isa = PBXBuildFile; fileRef = 443BB6F820804CF6003BAB26 /* NSArray+CoveringMethod.m */; };
		443BB70C20804CF6003BAB26 /* NSMutableArray+CoveringMethod.m in Sources */ = {isa = PBXBuildFile; fileRef = 443BB6FA20804CF6003BAB26 /* NSMutableArray+CoveringMethod.m */; };
		443BB71420805A12003BAB26 /* NSObject+helper.m in Sources */ = {isa = PBXBuildFile; fileRef = 443BB71220805A12003BAB26 /* NSObject+helper.m */; };
		443BB71620805C63003BAB26 /* demoExample.png in Resources */ = {isa = PBXBuildFile; fileRef = 443BB71520805C63003BAB26 /* demoExample.png */; };
/* End PBXBuildFile section */

/* Begin PBXFileReference section */
		443BB67020804876003BAB26 /* UsefulCategory.app */ = {isa = PBXFileReference; explicitFileType = wrapper.application; includeInIndex = 0; path = UsefulCategory.app; sourceTree = BUILT_PRODUCTS_DIR; };
		443BB6CC20804CF4003BAB26 /* UILabel+AutoResize.h */ = {isa = PBXFileReference; fileEncoding = 4; lastKnownFileType = sourcecode.c.h; path = "UILabel+AutoResize.h"; sourceTree = "<group>"; };
		443BB6CD20804CF4003BAB26 /* UILabel+AutoResize.m */ = {isa = PBXFileReference; fileEncoding = 4; lastKnownFileType = sourcecode.c.objc; path = "UILabel+AutoResize.m"; sourceTree = "<group>"; };
		443BB6CF20804CF5003BAB26 /* UITableView+CellAnimation.h */ = {isa = PBXFileReference; fileEncoding = 4; lastKnownFileType = sourcecode.c.h; path = "UITableView+CellAnimation.h"; sourceTree = "<group>"; };
		443BB6D020804CF5003BAB26 /* UITableView+CellAnimation.m */ = {isa = PBXFileReference; fileEncoding = 4; lastKnownFileType = sourcecode.c.objc; path = "UITableView+CellAnimation.m"; sourceTree = "<group>"; };
		443BB6D220804CF5003BAB26 /* NSObject+Category.h */ = {isa = PBXFileReference; fileEncoding = 4; lastKnownFileType = sourcecode.c.h; path = "NSObject+Category.h"; sourceTree = "<group>"; };
		443BB6D320804CF5003BAB26 /* NSObject+Category.m */ = {isa = PBXFileReference; fileEncoding = 4; lastKnownFileType = sourcecode.c.objc; path = "NSObject+Category.m"; sourceTree = "<group>"; };
		443BB6D420804CF5003BAB26 /* NSObject+ModelWithDictionary.h */ = {isa = PBXFileReference; fileEncoding = 4; lastKnownFileType = sourcecode.c.h; path = "NSObject+ModelWithDictionary.h"; sourceTree = "<group>"; };
		443BB6D520804CF5003BAB26 /* NSObject+ModelWithDictionary.m */ = {isa = PBXFileReference; fileEncoding = 4; lastKnownFileType = sourcecode.c.objc; path = "NSObject+ModelWithDictionary.m"; sourceTree = "<group>"; };
		443BB6D620804CF5003BAB26 /* NSObject+PerformBlock.h */ = {isa = PBXFileReference; fileEncoding = 4; lastKnownFileType = sourcecode.c.h; path = "NSObject+PerformBlock.h"; sourceTree = "<group>"; };
		443BB6D720804CF5003BAB26 /* NSObject+PerformBlock.m */ = {isa = PBXFileReference; fileEncoding = 4; lastKnownFileType = sourcecode.c.objc; path = "NSObject+PerformBlock.m"; sourceTree = "<group>"; };
		443BB6D820804CF5003BAB26 /* NSObject+Swizzle.h */ = {isa = PBXFileReference; fileEncoding = 4; lastKnownFileType = sourcecode.c.h; path = "NSObject+Swizzle.h"; sourceTree = "<group>"; };
		443BB6D920804CF5003BAB26 /* NSObject+Swizzle.m */ = {isa = PBXFileReference; fileEncoding = 4; lastKnownFileType = sourcecode.c.objc; path = "NSObject+Swizzle.m"; sourceTree = "<group>"; };
		443BB6DB20804CF5003BAB26 /* UIButton+Category.h */ = {isa = PBXFileReference; fileEncoding = 4; lastKnownFileType = sourcecode.c.h; path = "UIButton+Category.h"; sourceTree = "<group>"; };
		443BB6DC20804CF5003BAB26 /* UIButton+Category.m */ = {isa = PBXFileReference; fileEncoding = 4; lastKnownFileType = sourcecode.c.objc; path = "UIButton+Category.m"; sourceTree = "<group>"; };
		443BB6DE20804CF5003BAB26 /* UIColor+Category.h */ = {isa = PBXFileReference; fileEncoding = 4; lastKnownFileType = sourcecode.c.h; path = "UIColor+Category.h"; sourceTree = "<group>"; };
		443BB6DF20804CF5003BAB26 /* UIColor+Category.m */ = {isa = PBXFileReference; fileEncoding = 4; lastKnownFileType = sourcecode.c.objc; path = "UIColor+Category.m"; sourceTree = "<group>"; };
		443BB6E120804CF5003BAB26 /* NSData+Encryption.h */ = {isa = PBXFileReference; fileEncoding = 4; lastKnownFileType = sourcecode.c.h; path = "NSData+Encryption.h"; sourceTree = "<group>"; };
		443BB6E220804CF5003BAB26 /* NSData+Encryption.m */ = {isa = PBXFileReference; fileEncoding = 4; lastKnownFileType = sourcecode.c.objc; path = "NSData+Encryption.m"; sourceTree = "<group>"; };
		443BB6E420804CF5003BAB26 /* NSDictionary+CoveringMethod.h */ = {isa = PBXFileReference; fileEncoding = 4; lastKnownFileType = sourcecode.c.h; path = "NSDictionary+CoveringMethod.h"; sourceTree = "<group>"; };
		443BB6E520804CF5003BAB26 /* NSDictionary+CoveringMethod.m */ = {isa = PBXFileReference; fileEncoding = 4; lastKnownFileType = sourcecode.c.objc; path = "NSDictionary+CoveringMethod.m"; sourceTree = "<group>"; };
		443BB6E620804CF5003BAB26 /* NSMutableDictionary+CoveringMethod.h */ = {isa = PBXFileReference; fileEncoding = 4; lastKnownFileType = sourcecode.c.h; path = "NSMutableDictionary+CoveringMethod.h"; sourceTree = "<group>"; };
		443BB6E720804CF5003BAB26 /* NSMutableDictionary+CoveringMethod.m */ = {isa = PBXFileReference; fileEncoding = 4; lastKnownFileType = sourcecode.c.objc; path = "NSMutableDictionary+CoveringMethod.m"; sourceTree = "<group>"; };
		443BB6E920804CF5003BAB26 /* UIImage+Category.h */ = {isa = PBXFileReference; fileEncoding = 4; lastKnownFileType = sourcecode.c.h; path = "UIImage+Category.h"; sourceTree = "<group>"; };
		443BB6EA20804CF5003BAB26 /* UIImage+Category.m */ = {isa = PBXFileReference; fileEncoding = 4; lastKnownFileType = sourcecode.c.objc; path = "UIImage+Category.m"; sourceTree = "<group>"; };
		443BB6EC20804CF5003BAB26 /* NSString+Category.h */ = {isa = PBXFileReference; fileEncoding = 4; lastKnownFileType = sourcecode.c.h; path = "NSString+Category.h"; sourceTree = "<group>"; };
		443BB6ED20804CF5003BAB26 /* NSString+Category.m */ = {isa = PBXFileReference; fileEncoding = 4; lastKnownFileType = sourcecode.c.objc; path = "NSString+Category.m"; sourceTree = "<group>"; };
		443BB6EE20804CF5003BAB26 /* NSString+Predicate.h */ = {isa = PBXFileReference; fileEncoding = 4; lastKnownFileType = sourcecode.c.h; path = "NSString+Predicate.h"; sourceTree = "<group>"; };
		443BB6EF20804CF5003BAB26 /* NSString+Predicate.m */ = {isa = PBXFileReference; fileEncoding = 4; lastKnownFileType = sourcecode.c.objc; path = "NSString+Predicate.m"; sourceTree = "<group>"; };
		443BB6F020804CF5003BAB26 /* NSString+TimeStamp.h */ = {isa = PBXFileReference; fileEncoding = 4; lastKnownFileType = sourcecode.c.h; path = "NSString+TimeStamp.h"; sourceTree = "<group>"; };
		443BB6F120804CF5003BAB26 /* NSString+TimeStamp.m */ = {isa = PBXFileReference; fileEncoding = 4; lastKnownFileType = sourcecode.c.objc; path = "NSString+TimeStamp.m"; sourceTree = "<group>"; };
		443BB6F320804CF5003BAB26 /* UITabBar+CustomBadge.h */ = {isa = PBXFileReference; fileEncoding = 4; lastKnownFileType = sourcecode.c.h; path = "UITabBar+CustomBadge.h"; sourceTree = "<group>"; };
		443BB6F420804CF5003BAB26 /* UITabBar+CustomBadge.m */ = {isa = PBXFileReference; fileEncoding = 4; lastKnownFileType = sourcecode.c.objc; path = "UITabBar+CustomBadge.m"; sourceTree = "<group>"; };
		443BB6F520804CF6003BAB26 /* UsefulHeader.h */ = {isa = PBXFileReference; fileEncoding = 4; lastKnownFileType = sourcecode.c.h; path = UsefulHeader.h; sourceTree = "<group>"; };
		443BB6F720804CF6003BAB26 /* NSArray+CoveringMethod.h */ = {isa = PBXFileReference; fileEncoding = 4; lastKnownFileType = sourcecode.c.h; path = "NSArray+CoveringMethod.h"; sourceTree = "<group>"; };
		443BB6F820804CF6003BAB26 /* NSArray+CoveringMethod.m */ = {isa = PBXFileReference; fileEncoding = 4; lastKnownFileType = sourcecode.c.objc; path = "NSArray+CoveringMethod.m"; sourceTree = "<group>"; };
		443BB6F920804CF6003BAB26 /* NSMutableArray+CoveringMethod.h */ = {isa = PBXFileReference; fileEncoding = 4; lastKnownFileType = sourcecode.c.h; path = "NSMutableArray+CoveringMethod.h"; sourceTree = "<group>"; };
		443BB6FA20804CF6003BAB26 /* NSMutableArray+CoveringMethod.m */ = {isa = PBXFileReference; fileEncoding = 4; lastKnownFileType = sourcecode.c.objc; path = "NSMutableArray+CoveringMethod.m"; sourceTree = "<group>"; };
		443BB71220805A12003BAB26 /* NSObject+helper.m */ = {isa = PBXFileReference; fileEncoding = 4; lastKnownFileType = sourcecode.c.objc; path = "NSObject+helper.m"; sourceTree = "<group>"; };
		443BB71320805A12003BAB26 /* NSObject+helper.h */ = {isa = PBXFileReference; fileEncoding = 4; lastKnownFileType = sourcecode.c.h; path = "NSObject+helper.h"; sourceTree = "<group>"; };
		443BB71520805C63003BAB26 /* demoExample.png */ = {isa = PBXFileReference; lastKnownFileType = image.png; path = demoExample.png; sourceTree = "<group>"; };
/* End PBXFileReference section */

/* Begin PBXFrameworksBuildPhase section */
		443BB66D20804876003BAB26 /* Frameworks */ = {
			isa = PBXFrameworksBuildPhase;
			buildActionMask = 2147483647;
			files = (
			);
			runOnlyForDeploymentPostprocessing = 0;
		};
/* End PBXFrameworksBuildPhase section */

/* Begin PBXGroup section */
		443BB66720804875003BAB26 = {
			isa = PBXGroup;
			children = (
				443BB67220804876003BAB26 /* UsefulCategory */,
				443BB67120804876003BAB26 /* Products */,
			);
			sourceTree = "<group>";
		};
		443BB67120804876003BAB26 /* Products */ = {
			isa = PBXGroup;
			children = (
				443BB67020804876003BAB26 /* UsefulCategory.app */,
			);
			name = Products;
			sourceTree = "<group>";
		};
		443BB67220804876003BAB26 /* UsefulCategory */ = {
			isa = PBXGroup;
			children = (
				443BB6F620804CF6003BAB26 /* NSArray */,
				443BB6E020804CF5003BAB26 /* NSData */,
				443BB6E320804CF5003BAB26 /* NSDictionary */,
				443BB6D120804CF5003BAB26 /* NSObject */,
				443BB6EB20804CF5003BAB26 /* NSString */,
				443BB6CE20804CF5003BAB26 /* TableView */,
				443BB6DA20804CF5003BAB26 /* UIButton */,
				443BB6DD20804CF5003BAB26 /* UIColor */,
				443BB6E820804CF5003BAB26 /* UIImage */,
				443BB6CB20804CF4003BAB26 /* UILable */,
				443BB6F220804CF5003BAB26 /* UITabBar */,
				443BB6F520804CF6003BAB26 /* UsefulHeader.h */,
				443BB71520805C63003BAB26 /* demoExample.png */,
			);
			path = UsefulCategory;
			sourceTree = "<group>";
		};
		443BB6CB20804CF4003BAB26 /* UILable */ = {
			isa = PBXGroup;
			children = (
				443BB6CC20804CF4003BAB26 /* UILabel+AutoResize.h */,
				443BB6CD20804CF4003BAB26 /* UILabel+AutoResize.m */,
			);
			path = UILable;
			sourceTree = "<group>";
		};
		443BB6CE20804CF5003BAB26 /* TableView */ = {
			isa = PBXGroup;
			children = (
				443BB6CF20804CF5003BAB26 /* UITableView+CellAnimation.h */,
				443BB6D020804CF5003BAB26 /* UITableView+CellAnimation.m */,
			);
			path = TableView;
			sourceTree = "<group>";
		};
		443BB6D120804CF5003BAB26 /* NSObject */ = {
			isa = PBXGroup;
			children = (
				443BB6D220804CF5003BAB26 /* NSObject+Category.h */,
				443BB6D320804CF5003BAB26 /* NSObject+Category.m */,
				443BB6D420804CF5003BAB26 /* NSObject+ModelWithDictionary.h */,
				443BB6D520804CF5003BAB26 /* NSObject+ModelWithDictionary.m */,
				443BB6D620804CF5003BAB26 /* NSObject+PerformBlock.h */,
				443BB6D720804CF5003BAB26 /* NSObject+PerformBlock.m */,
				443BB6D820804CF5003BAB26 /* NSObject+Swizzle.h */,
				443BB6D920804CF5003BAB26 /* NSObject+Swizzle.m */,
				443BB71320805A12003BAB26 /* NSObject+helper.h */,
				443BB71220805A12003BAB26 /* NSObject+helper.m */,
			);
			path = NSObject;
			sourceTree = "<group>";
		};
		443BB6DA20804CF5003BAB26 /* UIButton */ = {
			isa = PBXGroup;
			children = (
				443BB6DB20804CF5003BAB26 /* UIButton+Category.h */,
				443BB6DC20804CF5003BAB26 /* UIButton+Category.m */,
			);
			path = UIButton;
			sourceTree = "<group>";
		};
		443BB6DD20804CF5003BAB26 /* UIColor */ = {
			isa = PBXGroup;
			children = (
				443BB6DE20804CF5003BAB26 /* UIColor+Category.h */,
				443BB6DF20804CF5003BAB26 /* UIColor+Category.m */,
			);
			path = UIColor;
			sourceTree = "<group>";
		};
		443BB6E020804CF5003BAB26 /* NSData */ = {
			isa = PBXGroup;
			children = (
				443BB6E120804CF5003BAB26 /* NSData+Encryption.h */,
				443BB6E220804CF5003BAB26 /* NSData+Encryption.m */,
			);
			path = NSData;
			sourceTree = "<group>";
		};
		443BB6E320804CF5003BAB26 /* NSDictionary */ = {
			isa = PBXGroup;
			children = (
				443BB6E420804CF5003BAB26 /* NSDictionary+CoveringMethod.h */,
				443BB6E520804CF5003BAB26 /* NSDictionary+CoveringMethod.m */,
				443BB6E620804CF5003BAB26 /* NSMutableDictionary+CoveringMethod.h */,
				443BB6E720804CF5003BAB26 /* NSMutableDictionary+CoveringMethod.m */,
			);
			path = NSDictionary;
			sourceTree = "<group>";
		};
		443BB6E820804CF5003BAB26 /* UIImage */ = {
			isa = PBXGroup;
			children = (
				443BB6E920804CF5003BAB26 /* UIImage+Category.h */,
				443BB6EA20804CF5003BAB26 /* UIImage+Category.m */,
			);
			path = UIImage;
			sourceTree = "<group>";
		};
		443BB6EB20804CF5003BAB26 /* NSString */ = {
			isa = PBXGroup;
			children = (
				443BB6EC20804CF5003BAB26 /* NSString+Category.h */,
				443BB6ED20804CF5003BAB26 /* NSString+Category.m */,
				443BB6EE20804CF5003BAB26 /* NSString+Predicate.h */,
				443BB6EF20804CF5003BAB26 /* NSString+Predicate.m */,
				443BB6F020804CF5003BAB26 /* NSString+TimeStamp.h */,
				443BB6F120804CF5003BAB26 /* NSString+TimeStamp.m */,
			);
			path = NSString;
			sourceTree = "<group>";
		};
		443BB6F220804CF5003BAB26 /* UITabBar */ = {
			isa = PBXGroup;
			children = (
				443BB6F320804CF5003BAB26 /* UITabBar+CustomBadge.h */,
				443BB6F420804CF5003BAB26 /* UITabBar+CustomBadge.m */,
			);
			path = UITabBar;
			sourceTree = "<group>";
		};
		443BB6F620804CF6003BAB26 /* NSArray */ = {
			isa = PBXGroup;
			children = (
				443BB6F720804CF6003BAB26 /* NSArray+CoveringMethod.h */,
				443BB6F820804CF6003BAB26 /* NSArray+CoveringMethod.m */,
				443BB6F920804CF6003BAB26 /* NSMutableArray+CoveringMethod.h */,
				443BB6FA20804CF6003BAB26 /* NSMutableArray+CoveringMethod.m */,
			);
			path = NSArray;
			sourceTree = "<group>";
		};
/* End PBXGroup section */

/* Begin PBXNativeTarget section */
		443BB66F20804876003BAB26 /* UsefulCategory */ = {
			isa = PBXNativeTarget;
			buildConfigurationList = 443BB68620804876003BAB26 /* Build configuration list for PBXNativeTarget "UsefulCategory" */;
			buildPhases = (
				443BB66C20804876003BAB26 /* Sources */,
				443BB66D20804876003BAB26 /* Frameworks */,
				443BB66E20804876003BAB26 /* Resources */,
			);
			buildRules = (
			);
			dependencies = (
			);
			name = UsefulCategory;
			productName = UsefulCategory;
			productReference = 443BB67020804876003BAB26 /* UsefulCategory.app */;
			productType = "com.apple.product-type.application";
		};
/* End PBXNativeTarget section */

/* Begin PBXProject section */
		443BB66820804875003BAB26 /* Project object */ = {
			isa = PBXProject;
			attributes = {
				LastUpgradeCheck = 0920;
				ORGANIZATIONNAME = luochuan;
				TargetAttributes = {
					443BB66F20804876003BAB26 = {
						CreatedOnToolsVersion = 9.2;
						ProvisioningStyle = Automatic;
					};
				};
			};
			buildConfigurationList = 443BB66B20804875003BAB26 /* Build configuration list for PBXProject "UsefulCategory" */;
			compatibilityVersion = "Xcode 8.0";
			developmentRegion = en;
			hasScannedForEncodings = 0;
			knownRegions = (
				en,
				Base,
			);
			mainGroup = 443BB66720804875003BAB26;
			productRefGroup = 443BB67120804876003BAB26 /* Products */;
			projectDirPath = "";
			projectRoot = "";
			targets = (
				443BB66F20804876003BAB26 /* UsefulCategory */,
			);
		};
/* End PBXProject section */

/* Begin PBXResourcesBuildPhase section */
		443BB66E20804876003BAB26 /* Resources */ = {
			isa = PBXResourcesBuildPhase;
			buildActionMask = 2147483647;
			files = (
				443BB71620805C63003BAB26 /* demoExample.png in Resources */,
			);
			runOnlyForDeploymentPostprocessing = 0;
		};
/* End PBXResourcesBuildPhase section */

/* Begin PBXSourcesBuildPhase section */
		443BB66C20804876003BAB26 /* Sources */ = {
			isa = PBXSourcesBuildPhase;
			buildActionMask = 2147483647;
			files = (
				443BB6FE20804CF6003BAB26 /* NSObject+ModelWithDictionary.m in Sources */,
				443BB70520804CF6003BAB26 /* NSMutableDictionary+CoveringMethod.m in Sources */,
				443BB70A20804CF6003BAB26 /* UITabBar+CustomBadge.m in Sources */,
				443BB70420804CF6003BAB26 /* NSDictionary+CoveringMethod.m in Sources */,
				443BB70020804CF6003BAB26 /* NSObject+Swizzle.m in Sources */,
				443BB71420805A12003BAB26 /* NSObject+helper.m in Sources */,
				443BB6FF20804CF6003BAB26 /* NSObject+PerformBlock.m in Sources */,
				443BB70B20804CF6003BAB26 /* NSArray+CoveringMethod.m in Sources */,
				443BB6FB20804CF6003BAB26 /* UILabel+AutoResize.m in Sources */,
				443BB70320804CF6003BAB26 /* NSData+Encryption.m in Sources */,
				443BB6FC20804CF6003BAB26 /* UITableView+CellAnimation.m in Sources */,
				443BB6FD20804CF6003BAB26 /* NSObject+Category.m in Sources */,
				443BB70120804CF6003BAB26 /* UIButton+Category.m in Sources */,
				443BB70220804CF6003BAB26 /* UIColor+Category.m in Sources */,
				443BB70920804CF6003BAB26 /* NSString+TimeStamp.m in Sources */,
				443BB70820804CF6003BAB26 /* NSString+Predicate.m in Sources */,
				443BB70620804CF6003BAB26 /* UIImage+Category.m in Sources */,
				443BB70720804CF6003BAB26 /* NSString+Category.m in Sources */,
				443BB70C20804CF6003BAB26 /* NSMutableArray+CoveringMethod.m in Sources */,
			);
			runOnlyForDeploymentPostprocessing = 0;
		};
/* End PBXSourcesBuildPhase section */

/* Begin XCBuildConfiguration section */
		443BB68420804876003BAB26 /* Debug */ = {
			isa = XCBuildConfiguration;
			buildSettings = {
				ALWAYS_SEARCH_USER_PATHS = NO;
				CLANG_ANALYZER_NONNULL = YES;
				CLANG_ANALYZER_NUMBER_OBJECT_CONVERSION = YES_AGGRESSIVE;
				CLANG_CXX_LANGUAGE_STANDARD = "gnu++14";
				CLANG_CXX_LIBRARY = "libc++";
				CLANG_ENABLE_MODULES = YES;
				CLANG_ENABLE_OBJC_ARC = YES;
				CLANG_WARN_BLOCK_CAPTURE_AUTORELEASING = YES;
				CLANG_WARN_BOOL_CONVERSION = YES;
				CLANG_WARN_COMMA = YES;
				CLANG_WARN_CONSTANT_CONVERSION = YES;
				CLANG_WARN_DIRECT_OBJC_ISA_USAGE = YES_ERROR;
				CLANG_WARN_DOCUMENTATION_COMMENTS = YES;
				CLANG_WARN_EMPTY_BODY = YES;
				CLANG_WARN_ENUM_CONVERSION = YES;
				CLANG_WARN_INFINITE_RECURSION = YES;
				CLANG_WARN_INT_CONVERSION = YES;
				CLANG_WARN_NON_LITERAL_NULL_CONVERSION = YES;
				CLANG_WARN_OBJC_LITERAL_CONVERSION = YES;
				CLANG_WARN_OBJC_ROOT_CLASS = YES_ERROR;
				CLANG_WARN_RANGE_LOOP_ANALYSIS = YES;
				CLANG_WARN_STRICT_PROTOTYPES = YES;
				CLANG_WARN_SUSPICIOUS_MOVE = YES;
				CLANG_WARN_UNGUARDED_AVAILABILITY = YES_AGGRESSIVE;
				CLANG_WARN_UNREACHABLE_CODE = YES;
				CLANG_WARN__DUPLICATE_METHOD_MATCH = YES;
				CODE_SIGN_IDENTITY = "iPhone Developer";
				COPY_PHASE_STRIP = NO;
				DEBUG_INFORMATION_FORMAT = dwarf;
				ENABLE_STRICT_OBJC_MSGSEND = YES;
				ENABLE_TESTABILITY = YES;
				GCC_C_LANGUAGE_STANDARD = gnu11;
				GCC_DYNAMIC_NO_PIC = NO;
				GCC_NO_COMMON_BLOCKS = YES;
				GCC_OPTIMIZATION_LEVEL = 0;
				GCC_PREPROCESSOR_DEFINITIONS = (
					"DEBUG=1",
					"$(inherited)",
				);
				GCC_WARN_64_TO_32_BIT_CONVERSION = YES;
				GCC_WARN_ABOUT_RETURN_TYPE = YES_ERROR;
				GCC_WARN_UNDECLARED_SELECTOR = YES;
				GCC_WARN_UNINITIALIZED_AUTOS = YES_AGGRESSIVE;
				GCC_WARN_UNUSED_FUNCTION = YES;
				GCC_WARN_UNUSED_VARIABLE = YES;
				IPHONEOS_DEPLOYMENT_TARGET = 11.2;
				MTL_ENABLE_DEBUG_INFO = YES;
				ONLY_ACTIVE_ARCH = YES;
				SDKROOT = iphoneos;
			};
			name = Debug;
		};
		443BB68520804876003BAB26 /* Release */ = {
			isa = XCBuildConfiguration;
			buildSettings = {
				ALWAYS_SEARCH_USER_PATHS = NO;
				CLANG_ANALYZER_NONNULL = YES;
				CLANG_ANALYZER_NUMBER_OBJECT_CONVERSION = YES_AGGRESSIVE;
				CLANG_CXX_LANGUAGE_STANDARD = "gnu++14";
				CLANG_CXX_LIBRARY = "libc++";
				CLANG_ENABLE_MODULES = YES;
				CLANG_ENABLE_OBJC_ARC = YES;
				CLANG_WARN_BLOCK_CAPTURE_AUTORELEASING = YES;
				CLANG_WARN_BOOL_CONVERSION = YES;
				CLANG_WARN_COMMA = YES;
				CLANG_WARN_CONSTANT_CONVERSION = YES;
				CLANG_WARN_DIRECT_OBJC_ISA_USAGE = YES_ERROR;
				CLANG_WARN_DOCUMENTATION_COMMENTS = YES;
				CLANG_WARN_EMPTY_BODY = YES;
				CLANG_WARN_ENUM_CONVERSION = YES;
				CLANG_WARN_INFINITE_RECURSION = YES;
				CLANG_WARN_INT_CONVERSION = YES;
				CLANG_WARN_NON_LITERAL_NULL_CONVERSION = YES;
				CLANG_WARN_OBJC_LITERAL_CONVERSION = YES;
				CLANG_WARN_OBJC_ROOT_CLASS = YES_ERROR;
				CLANG_WARN_RANGE_LOOP_ANALYSIS = YES;
				CLANG_WARN_STRICT_PROTOTYPES = YES;
				CLANG_WARN_SUSPICIOUS_MOVE = YES;
				CLANG_WARN_UNGUARDED_AVAILABILITY = YES_AGGRESSIVE;
				CLANG_WARN_UNREACHABLE_CODE = YES;
				CLANG_WARN__DUPLICATE_METHOD_MATCH = YES;
				CODE_SIGN_IDENTITY = "iPhone Developer";
				COPY_PHASE_STRIP = NO;
				DEBUG_INFORMATION_FORMAT = "dwarf-with-dsym";
				ENABLE_NS_ASSERTIONS = NO;
				ENABLE_STRICT_OBJC_MSGSEND = YES;
				GCC_C_LANGUAGE_STANDARD = gnu11;
				GCC_NO_COMMON_BLOCKS = YES;
				GCC_WARN_64_TO_32_BIT_CONVERSION = YES;
				GCC_WARN_ABOUT_RETURN_TYPE = YES_ERROR;
				GCC_WARN_UNDECLARED_SELECTOR = YES;
				GCC_WARN_UNINITIALIZED_AUTOS = YES_AGGRESSIVE;
				GCC_WARN_UNUSED_FUNCTION = YES;
				GCC_WARN_UNUSED_VARIABLE = YES;
				IPHONEOS_DEPLOYMENT_TARGET = 11.2;
				MTL_ENABLE_DEBUG_INFO = NO;
				SDKROOT = iphoneos;
				VALIDATE_PRODUCT = YES;
			};
			name = Release;
		};
		443BB68720804876003BAB26 /* Debug */ = {
			isa = XCBuildConfiguration;
			buildSettings = {
				ASSETCATALOG_COMPILER_APPICON_NAME = AppIcon;
				CODE_SIGN_STYLE = Automatic;
				INFOPLIST_FILE = UsefulCategory/Info.plist;
				IPHONEOS_DEPLOYMENT_TARGET = 8.0;
				LD_RUNPATH_SEARCH_PATHS = "$(inherited) @executable_path/Frameworks";
				PRODUCT_BUNDLE_IDENTIFIER = com.LuochuanAD.UsefulCategory;
				PRODUCT_NAME = "$(TARGET_NAME)";
				TARGETED_DEVICE_FAMILY = "1,2";
			};
			name = Debug;
		};
		443BB68820804876003BAB26 /* Release */ = {
			isa = XCBuildConfiguration;
			buildSettings = {
				ASSETCATALOG_COMPILER_APPICON_NAME = AppIcon;
				CODE_SIGN_STYLE = Automatic;
				INFOPLIST_FILE = UsefulCategory/Info.plist;
				IPHONEOS_DEPLOYMENT_TARGET = 8.0;
				LD_RUNPATH_SEARCH_PATHS = "$(inherited) @executable_path/Frameworks";
				PRODUCT_BUNDLE_IDENTIFIER = com.LuochuanAD.UsefulCategory;
				PRODUCT_NAME = "$(TARGET_NAME)";
				TARGETED_DEVICE_FAMILY = "1,2";
			};
			name = Release;
		};
/* End XCBuildConfiguration section */

/* Begin XCConfigurationList section */
		443BB66B20804875003BAB26 /* Build configuration list for PBXProject "UsefulCategory" */ = {
			isa = XCConfigurationList;
			buildConfigurations = (
				443BB68420804876003BAB26 /* Debug */,
				443BB68520804876003BAB26 /* Release */,
			);
			defaultConfigurationIsVisible = 0;
			defaultConfigurationName = Release;
		};
		443BB68620804876003BAB26 /* Build configuration list for PBXNativeTarget "UsefulCategory" */ = {
			isa = XCConfigurationList;
			buildConfigurations = (
				443BB68720804876003BAB26 /* Debug */,
				443BB68820804876003BAB26 /* Release */,
			);
			defaultConfigurationIsVisible = 0;
			defaultConfigurationName = Release;
		};
/* End XCConfigurationList section */
	};
	rootObject = 443BB66820804875003BAB26 /* Project object */;
}
